
Microsoft Visual Studio Solution File, Format Version 12.00
# Visual Studio Version 16
VisualStudioVersion = 16.0.31424.327
MinimumVisualStudioVersion = 10.0.40219.1
Project("{FAE04EC0-301F-11D3-BF4B-00C04F79EFBC}") = "HMDControls.WinForms", "HMDControls.WinForms.csproj", "{7C7A9F47-84AB-4DF5-8F29-CB16339653F1}"
EndProject
Global
	GlobalSection(SolutionConfigurationPlatforms) = preSolution
		Debug|Any CPU = Debug|Any CPU
		Release|Any CPU = Release|Any CPU
	EndGlobalSection
	GlobalSection(ProjectConfigurationPlatforms) = postSolution
		{7C7A9F47-84AB-4DF5-8F29-CB16339653F1}.Debug|Any CPU.ActiveCfg = Debug|Any CPU
		{7C7A9F47-84AB-4DF5-8F29-CB16339653F1}.Debug|Any CPU.Build.0 = Debug|Any CPU
		{7C7A9F47-84AB-4DF5-8F29-CB16339653F1}.Release|Any CPU.ActiveCfg = Release|Any CPU
		{7C7A9F47-84AB-4DF5-8F29-CB16339653F1}.Release|Any CPU.Build.0 = Release|Any CPU
	EndGlobalSection
	GlobalSection(SolutionProperties) = preSolution
		HideSolutionNode = FALSE
	EndGlobalSection
	GlobalSection(ExtensibilityGlobals) = postSolution
		SolutionGuid = {E2055E3B-D9CA-4FB6-BD2D-A182FFFECB63}
	EndGlobalSection
EndGlobal
